
Microsoft Visual Studio Solution File, Format Version 12.00
# Visual Studio Version 17
VisualStudioVersion = 17.12.35707.178 d17.12
MinimumVisualStudioVersion = 10.0.40219.1
Project("{8BC9CEB8-8B4A-11D0-8D11-00A0C91BC942}") = "DVBAnalyzer", "DVBAnalyzer.vcxproj", "{725080B5-5447-4C17-AE41-E22C607BBD60}"
EndProject
Project("{8BC9CEB8-8B4A-11D0-8D11-00A0C91BC942}") = "DVBAnalyzerTests", "DVBAnalyzerTests.vcxproj", "{7E9F2C10-4B6A-4E2D-9A1F-2C3D4E5F6A7B}"
EndProject
Global
	GlobalSection(SolutionConfigurationPlatforms) = preSolution
		Debug|x64 = Debug|x64
		Debug|x86 = Debug|x86
		Release|x64 = Release|x64
		Release|x86 = Release|x86
	EndGlobalSection
	GlobalSection(ProjectConfigurationPlatforms) = postSolution
		{725080B5-5447-4C17-AE41-E22C607BBD60}.Debug|x64.ActiveCfg = Debug|x64
		{725080B5-5447-4C17-AE41-E22C607BBD60}.Debug|x64.Build.0 = Debug|x64
		{725080B5-5447-4C17-AE41-E22C607BBD60}.Debug|x86.ActiveCfg = Debug|Win32
		{725080B5-5447-4C17-AE41-E22C607BBD60}.Debug|x86.Build.0 = Debug|Win32
		{725080B5-5447-4C17-AE41-E22C607BBD60}.Release|x64.ActiveCfg = Release|x64
		{725080B5-5447-4C17-AE41-E22C607BBD60}.Release|x64.Build.0 = Release|x64
		{725080B5-5447-4C17-AE41-E22C607BBD60}.Release|x86.ActiveCfg = Release|Win32
		{725080B5-5447-4C17-AE41-E22C607BBD60}.Release|x86.Build.0 = Release|Win32
		{7E9F2C10-4B6A-4E2D-9A1F-2C3D4E5F6A7B}.Debug|x64.ActiveCfg = Debug|x64
		{7E9F2C10-4B6A-4E2D-9A1F-2C3D4E5F6A7B}.Debug|x64.Build.0 = Debug|x64
		{7E9F2C10-4B6A-4E2D-9A1F-2C3D4E5F6A7B}.Debug|x86.ActiveCfg = Debug|Win32
		{7E9F2C10-4B6A-4E2D-9A1F-2C3D4E5F6A7B}.Debug|x86.Build.0 = Debug|Win32
		{7E9F2C10-4B6A-4E2D-9A1F-2C3D4E5F6A7B}.Release|x64.ActiveCfg = Release|x64
		{7E9F2C10-4B6A-4E2D-9A1F-2C3D4E5F6A7B}.Release|x64.Build.0 = Release|x64
		{7E9F2C10-4B6A-4E2D-9A1F-2C3D4E5F6A7B}.Release|x86.ActiveCfg = Release|Win32
		{7E9F2C10-4B6A-4E2D-9A1F-2C3D4E5F6A7B}.Release|x86.Build.0 = Release|Win32
	EndGlobalSection
	GlobalSection(SolutionProperties) = preSolution
		HideSolutionNode = FALSE
	EndGlobalSection
EndGlobal
